
Microsoft Visual Studio Solution File, Format Version 12.00
# Visual Studio 14
VisualStudioVersion = 14.0.23107.0
MinimumVisualStudioVersion = 10.0.40219.1
Project("{FAE04EC0-301F-11D3-BF4B-00C04F79EFBC}") = "Core", "Core\Core.csproj", "{334D7695-CC54-408C-8667-5B1CFB10BD22}"
EndProject
Project("{FAE04EC0-301F-11D3-BF4B-00C04F79EFBC}") = "Bootstrapper", "Bootstrapper\Bootstrapper.csproj", "{C75E2F50-5FE8-4B7C-A330-F2F9EDF25CAE}"
EndProject
Project("{FAE04EC0-301F-11D3-BF4B-00C04F79EFBC}") = "Data", "Data\Data.csproj", "{6F1A87D9-6347-4CF7-A103-322B8AC61225}"
EndProject
Project("{FAE04EC0-301F-11D3-BF4B-00C04F79EFBC}") = "Domain", "Domain\Domain.csproj", "{499FD1C2-920C-438C-B42F-4CD7B1469627}"
EndProject
Project("{2150E333-8FDC-42A3-9474-1A3956D46DE8}") = "Core", "Core", "{0C526BFA-CFCA-48A6-B499-54E0F60BBBE5}"
EndProject
Project("{2150E333-8FDC-42A3-9474-1A3956D46DE8}") = "Host", "Host", "{FACF74A5-426B-4999-8CEF-D901D360E12D}"
EndProject
Project("{FAE04EC0-301F-11D3-BF4B-00C04F79EFBC}") = "Console", "Console\Console.csproj", "{D22F2AF5-36B7-4EE3-9EE0-7DA1B57A68F5}"
EndProject
Global
	GlobalSection(SolutionConfigurationPlatforms) = preSolution
		Debug|Any CPU = Debug|Any CPU
		Release|Any CPU = Release|Any CPU
	EndGlobalSection
	GlobalSection(ProjectConfigurationPlatforms) = postSolution
		{334D7695-CC54-408C-8667-5B1CFB10BD22}.Debug|Any CPU.ActiveCfg = Debug|Any CPU
		{334D7695-CC54-408C-8667-5B1CFB10BD22}.Debug|Any CPU.Build.0 = Debug|Any CPU
		{334D7695-CC54-408C-8667-5B1CFB10BD22}.Release|Any CPU.ActiveCfg = Release|Any CPU
		{334D7695-CC54-408C-8667-5B1CFB10BD22}.Release|Any CPU.Build.0 = Release|Any CPU
		{C75E2F50-5FE8-4B7C-A330-F2F9EDF25CAE}.Debug|Any CPU.ActiveCfg = Debug|Any CPU
		{C75E2F50-5FE8-4B7C-A330-F2F9EDF25CAE}.Debug|Any CPU.Build.0 = Debug|Any CPU
		{C75E2F50-5FE8-4B7C-A330-F2F9EDF25CAE}.Release|Any CPU.ActiveCfg = Release|Any CPU
		{C75E2F50-5FE8-4B7C-A330-F2F9EDF25CAE}.Release|Any CPU.Build.0 = Release|Any CPU
		{6F1A87D9-6347-4CF7-A103-322B8AC61225}.Debug|Any CPU.ActiveCfg = Debug|Any CPU
		{6F1A87D9-6347-4CF7-A103-322B8AC61225}.Debug|Any CPU.Build.0 = Debug|Any CPU
		{6F1A87D9-6347-4CF7-A103-322B8AC61225}.Release|Any CPU.ActiveCfg = Release|Any CPU
		{6F1A87D9-6347-4CF7-A103-322B8AC61225}.Release|Any CPU.Build.0 = Release|Any CPU
		{499FD1C2-920C-438C-B42F-4CD7B1469627}.Debug|Any CPU.ActiveCfg = Debug|Any CPU
		{499FD1C2-920C-438C-B42F-4CD7B1469627}.Debug|Any CPU.Build.0 = Debug|Any CPU
		{499FD1C2-920C-438C-B42F-4CD7B1469627}.Release|Any CPU.ActiveCfg = Release|Any CPU
		{499FD1C2-920C-438C-B42F-4CD7B1469627}.Release|Any CPU.Build.0 = Release|Any CPU
		{D22F2AF5-36B7-4EE3-9EE0-7DA1B57A68F5}.Debug|Any CPU.ActiveCfg = Debug|Any CPU
		{D22F2AF5-36B7-4EE3-9EE0-7DA1B57A68F5}.Debug|Any CPU.Build.0 = Debug|Any CPU
		{D22F2AF5-36B7-4EE3-9EE0-7DA1B57A68F5}.Release|Any CPU.ActiveCfg = Release|Any CPU
		{D22F2AF5-36B7-4EE3-9EE0-7DA1B57A68F5}.Release|Any CPU.Build.0 = Release|Any CPU
	EndGlobalSection
	GlobalSection(SolutionProperties) = preSolution
		HideSolutionNode = FALSE
	EndGlobalSection
	GlobalSection(NestedProjects) = preSolution
		{334D7695-CC54-408C-8667-5B1CFB10BD22} = {0C526BFA-CFCA-48A6-B499-54E0F60BBBE5}
		{C75E2F50-5FE8-4B7C-A330-F2F9EDF25CAE} = {0C526BFA-CFCA-48A6-B499-54E0F60BBBE5}
		{6F1A87D9-6347-4CF7-A103-322B8AC61225} = {0C526BFA-CFCA-48A6-B499-54E0F60BBBE5}
		{499FD1C2-920C-438C-B42F-4CD7B1469627} = {0C526BFA-CFCA-48A6-B499-54E0F60BBBE5}
		{D22F2AF5-36B7-4EE3-9EE0-7DA1B57A68F5} = {FACF74A5-426B-4999-8CEF-D901D360E12D}
	EndGlobalSection
EndGlobal
